
Microsoft Visual Studio Solution File, Format Version 12.00
# Visual Studio 15
VisualStudioVersion = 15.0.26124.0
MinimumVisualStudioVersion = 15.0.26124.0
Project("{2150E333-8FDC-42A3-9474-1A3956D46DE8}") = "src", "src", "{25F1202D-66DF-4948-8263-5B634BB68D4D}"
EndProject
Project("{FAE04EC0-301F-11D3-BF4B-00C04F79EFBC}") = "Dio.Web", "src\Dio.Web\Dio.Web.csproj", "{8B74BB5E-8920-400D-AFF0-ED058F003429}"
EndProject
Project("{FAE04EC0-301F-11D3-BF4B-00C04F79EFBC}") = "Dio", "src\Dio\Dio.csproj", "{6E97C364-5153-492E-8A3A-3FFB6D3CBE7F}"
EndProject
Global
	GlobalSection(SolutionConfigurationPlatforms) = preSolution
		Debug|Any CPU = Debug|Any CPU
		Debug|x64 = Debug|x64
		Debug|x86 = Debug|x86
		Release|Any CPU = Release|Any CPU
		Release|x64 = Release|x64
		Release|x86 = Release|x86
	EndGlobalSection
	GlobalSection(SolutionProperties) = preSolution
		HideSolutionNode = FALSE
	EndGlobalSection
	GlobalSection(ProjectConfigurationPlatforms) = postSolution
		{8B74BB5E-8920-400D-AFF0-ED058F003429}.Debug|Any CPU.ActiveCfg = Debug|Any CPU
		{8B74BB5E-8920-400D-AFF0-ED058F003429}.Debug|Any CPU.Build.0 = Debug|Any CPU
		{8B74BB5E-8920-400D-AFF0-ED058F003429}.Debug|x64.ActiveCfg = Debug|Any CPU
		{8B74BB5E-8920-400D-AFF0-ED058F003429}.Debug|x64.Build.0 = Debug|Any CPU
		{8B74BB5E-8920-400D-AFF0-ED058F003429}.Debug|x86.ActiveCfg = Debug|Any CPU
		{8B74BB5E-8920-400D-AFF0-ED058F003429}.Debug|x86.Build.0 = Debug|Any CPU
		{8B74BB5E-8920-400D-AFF0-ED058F003429}.Release|Any CPU.ActiveCfg = Release|Any CPU
		{8B74BB5E-8920-400D-AFF0-ED058F003429}.Release|Any CPU.Build.0 = Release|Any CPU
		{8B74BB5E-8920-400D-AFF0-ED058F003429}.Release|x64.ActiveCfg = Release|Any CPU
		{8B74BB5E-8920-400D-AFF0-ED058F003429}.Release|x64.Build.0 = Release|Any CPU
		{8B74BB5E-8920-400D-AFF0-ED058F003429}.Release|x86.ActiveCfg = Release|Any CPU
		{8B74BB5E-8920-400D-AFF0-ED058F003429}.Release|x86.Build.0 = Release|Any CPU
		{6E97C364-5153-492E-8A3A-3FFB6D3CBE7F}.Debug|Any CPU.ActiveCfg = Debug|Any CPU
		{6E97C364-5153-492E-8A3A-3FFB6D3CBE7F}.Debug|Any CPU.Build.0 = Debug|Any CPU
		{6E97C364-5153-492E-8A3A-3FFB6D3CBE7F}.Debug|x64.ActiveCfg = Debug|Any CPU
		{6E97C364-5153-492E-8A3A-3FFB6D3CBE7F}.Debug|x64.Build.0 = Debug|Any CPU
		{6E97C364-5153-492E-8A3A-3FFB6D3CBE7F}.Debug|x86.ActiveCfg = Debug|Any CPU
		{6E97C364-5153-492E-8A3A-3FFB6D3CBE7F}.Debug|x86.Build.0 = Debug|Any CPU
		{6E97C364-5153-492E-8A3A-3FFB6D3CBE7F}.Release|Any CPU.ActiveCfg = Release|Any CPU
		{6E97C364-5153-492E-8A3A-3FFB6D3CBE7F}.Release|Any CPU.Build.0 = Release|Any CPU
		{6E97C364-5153-492E-8A3A-3FFB6D3CBE7F}.Release|x64.ActiveCfg = Release|Any CPU
		{6E97C364-5153-492E-8A3A-3FFB6D3CBE7F}.Release|x64.Build.0 = Release|Any CPU
		{6E97C364-5153-492E-8A3A-3FFB6D3CBE7F}.Release|x86.ActiveCfg = Release|Any CPU
		{6E97C364-5153-492E-8A3A-3FFB6D3CBE7F}.Release|x86.Build.0 = Release|Any CPU
	EndGlobalSection
	GlobalSection(NestedProjects) = preSolution
		{8B74BB5E-8920-400D-AFF0-ED058F003429} = {25F1202D-66DF-4948-8263-5B634BB68D4D}
		{6E97C364-5153-492E-8A3A-3FFB6D3CBE7F} = {25F1202D-66DF-4948-8263-5B634BB68D4D}
	EndGlobalSection
EndGlobal
