
Microsoft Visual Studio Solution File, Format Version 12.00
# Visual Studio 15
VisualStudioVersion = 15.0.26124.0
MinimumVisualStudioVersion = 15.0.26124.0
Project("{2150E333-8FDC-42A3-9474-1A3956D46DE8}") = "src", "src", "{25F1202D-66DF-4948-8263-5B634BB68D4D}"
EndProject
Project("{FAE04EC0-301F-11D3-BF4B-00C04F79EFBC}") = "DocumentIO", "src\DocumentIO\DocumentIO.csproj", "{3A4BC8A9-8833-429C-BC58-82C63FE219ED}"
EndProject
Project("{FAE04EC0-301F-11D3-BF4B-00C04F79EFBC}") = "DocumentIO.Web", "src\DocumentIO.Web\DocumentIO.Web.csproj", "{A31CB9B4-FF94-4507-8EAE-AB17C63356A1}"
EndProject
Global
	GlobalSection(SolutionConfigurationPlatforms) = preSolution
		Debug|Any CPU = Debug|Any CPU
		Debug|x64 = Debug|x64
		Debug|x86 = Debug|x86
		Release|Any CPU = Release|Any CPU
		Release|x64 = Release|x64
		Release|x86 = Release|x86
	EndGlobalSection
	GlobalSection(SolutionProperties) = preSolution
		HideSolutionNode = FALSE
	EndGlobalSection
	GlobalSection(ProjectConfigurationPlatforms) = postSolution
		{3A4BC8A9-8833-429C-BC58-82C63FE219ED}.Debug|Any CPU.ActiveCfg = Debug|Any CPU
		{3A4BC8A9-8833-429C-BC58-82C63FE219ED}.Debug|Any CPU.Build.0 = Debug|Any CPU
		{3A4BC8A9-8833-429C-BC58-82C63FE219ED}.Debug|x64.ActiveCfg = Debug|Any CPU
		{3A4BC8A9-8833-429C-BC58-82C63FE219ED}.Debug|x64.Build.0 = Debug|Any CPU
		{3A4BC8A9-8833-429C-BC58-82C63FE219ED}.Debug|x86.ActiveCfg = Debug|Any CPU
		{3A4BC8A9-8833-429C-BC58-82C63FE219ED}.Debug|x86.Build.0 = Debug|Any CPU
		{3A4BC8A9-8833-429C-BC58-82C63FE219ED}.Release|Any CPU.ActiveCfg = Release|Any CPU
		{3A4BC8A9-8833-429C-BC58-82C63FE219ED}.Release|Any CPU.Build.0 = Release|Any CPU
		{3A4BC8A9-8833-429C-BC58-82C63FE219ED}.Release|x64.ActiveCfg = Release|Any CPU
		{3A4BC8A9-8833-429C-BC58-82C63FE219ED}.Release|x64.Build.0 = Release|Any CPU
		{3A4BC8A9-8833-429C-BC58-82C63FE219ED}.Release|x86.ActiveCfg = Release|Any CPU
		{3A4BC8A9-8833-429C-BC58-82C63FE219ED}.Release|x86.Build.0 = Release|Any CPU
		{A31CB9B4-FF94-4507-8EAE-AB17C63356A1}.Debug|Any CPU.ActiveCfg = Debug|Any CPU
		{A31CB9B4-FF94-4507-8EAE-AB17C63356A1}.Debug|Any CPU.Build.0 = Debug|Any CPU
		{A31CB9B4-FF94-4507-8EAE-AB17C63356A1}.Debug|x64.ActiveCfg = Debug|Any CPU
		{A31CB9B4-FF94-4507-8EAE-AB17C63356A1}.Debug|x64.Build.0 = Debug|Any CPU
		{A31CB9B4-FF94-4507-8EAE-AB17C63356A1}.Debug|x86.ActiveCfg = Debug|Any CPU
		{A31CB9B4-FF94-4507-8EAE-AB17C63356A1}.Debug|x86.Build.0 = Debug|Any CPU
		{A31CB9B4-FF94-4507-8EAE-AB17C63356A1}.Release|Any CPU.ActiveCfg = Release|Any CPU
		{A31CB9B4-FF94-4507-8EAE-AB17C63356A1}.Release|Any CPU.Build.0 = Release|Any CPU
		{A31CB9B4-FF94-4507-8EAE-AB17C63356A1}.Release|x64.ActiveCfg = Release|Any CPU
		{A31CB9B4-FF94-4507-8EAE-AB17C63356A1}.Release|x64.Build.0 = Release|Any CPU
		{A31CB9B4-FF94-4507-8EAE-AB17C63356A1}.Release|x86.ActiveCfg = Release|Any CPU
		{A31CB9B4-FF94-4507-8EAE-AB17C63356A1}.Release|x86.Build.0 = Release|Any CPU
	EndGlobalSection
	GlobalSection(NestedProjects) = preSolution
		{3A4BC8A9-8833-429C-BC58-82C63FE219ED} = {25F1202D-66DF-4948-8263-5B634BB68D4D}
		{A31CB9B4-FF94-4507-8EAE-AB17C63356A1} = {25F1202D-66DF-4948-8263-5B634BB68D4D}
	EndGlobalSection
EndGlobal
