
Microsoft Visual Studio Solution File, Format Version 12.00
Project("{2150E333-8FDC-42A3-9474-1A3956D46DE8}") = "src", "src", "{485E121E-6278-40C1-A2D1-10F46419CA06}"
EndProject
Project("{FAE04EC0-301F-11D3-BF4B-00C04F79EFBC}") = "DocumentIO", "src\DocumentIO\DocumentIO.csproj", "{D66964C0-63B1-483E-A75F-230EF9F34513}"
EndProject
Project("{FAE04EC0-301F-11D3-BF4B-00C04F79EFBC}") = "DocumentIO.GraphQL", "src\DocumentIO.GraphQL\DocumentIO.GraphQL.csproj", "{B6C49F0A-1C8A-42C8-AD4A-7836D20E1109}"
EndProject
Project("{FAE04EC0-301F-11D3-BF4B-00C04F79EFBC}") = "DocumentIO.Web", "src\DocumentIO.Web\DocumentIO.Web.csproj", "{2F515715-EBBC-4125-905E-D8D6DC26C72B}"
EndProject
Project("{2150E333-8FDC-42A3-9474-1A3956D46DE8}") = "tests", "tests", "{B348008C-C12B-49D1-B057-83DE70D33129}"
EndProject
Project("{FAE04EC0-301F-11D3-BF4B-00C04F79EFBC}") = "DocumentIO.Tests", "tests\DocumentIO.Tests\DocumentIO.Tests.csproj", "{A972C741-8C17-45AD-A084-30FE4413347B}"
EndProject
Global
	GlobalSection(SolutionConfigurationPlatforms) = preSolution
		Debug|Any CPU = Debug|Any CPU
		Release|Any CPU = Release|Any CPU
	EndGlobalSection
	GlobalSection(ProjectConfigurationPlatforms) = postSolution
		{D66964C0-63B1-483E-A75F-230EF9F34513}.Debug|Any CPU.ActiveCfg = Debug|Any CPU
		{D66964C0-63B1-483E-A75F-230EF9F34513}.Debug|Any CPU.Build.0 = Debug|Any CPU
		{D66964C0-63B1-483E-A75F-230EF9F34513}.Release|Any CPU.ActiveCfg = Release|Any CPU
		{D66964C0-63B1-483E-A75F-230EF9F34513}.Release|Any CPU.Build.0 = Release|Any CPU
		{B6C49F0A-1C8A-42C8-AD4A-7836D20E1109}.Debug|Any CPU.ActiveCfg = Debug|Any CPU
		{B6C49F0A-1C8A-42C8-AD4A-7836D20E1109}.Debug|Any CPU.Build.0 = Debug|Any CPU
		{B6C49F0A-1C8A-42C8-AD4A-7836D20E1109}.Release|Any CPU.ActiveCfg = Release|Any CPU
		{B6C49F0A-1C8A-42C8-AD4A-7836D20E1109}.Release|Any CPU.Build.0 = Release|Any CPU
		{2F515715-EBBC-4125-905E-D8D6DC26C72B}.Debug|Any CPU.ActiveCfg = Debug|Any CPU
		{2F515715-EBBC-4125-905E-D8D6DC26C72B}.Debug|Any CPU.Build.0 = Debug|Any CPU
		{2F515715-EBBC-4125-905E-D8D6DC26C72B}.Release|Any CPU.ActiveCfg = Release|Any CPU
		{2F515715-EBBC-4125-905E-D8D6DC26C72B}.Release|Any CPU.Build.0 = Release|Any CPU
		{A972C741-8C17-45AD-A084-30FE4413347B}.Debug|Any CPU.ActiveCfg = Debug|Any CPU
		{A972C741-8C17-45AD-A084-30FE4413347B}.Debug|Any CPU.Build.0 = Debug|Any CPU
		{A972C741-8C17-45AD-A084-30FE4413347B}.Release|Any CPU.ActiveCfg = Release|Any CPU
		{A972C741-8C17-45AD-A084-30FE4413347B}.Release|Any CPU.Build.0 = Release|Any CPU
	EndGlobalSection
	GlobalSection(NestedProjects) = preSolution
		{D66964C0-63B1-483E-A75F-230EF9F34513} = {485E121E-6278-40C1-A2D1-10F46419CA06}
		{B6C49F0A-1C8A-42C8-AD4A-7836D20E1109} = {485E121E-6278-40C1-A2D1-10F46419CA06}
		{2F515715-EBBC-4125-905E-D8D6DC26C72B} = {485E121E-6278-40C1-A2D1-10F46419CA06}
		{A972C741-8C17-45AD-A084-30FE4413347B} = {B348008C-C12B-49D1-B057-83DE70D33129}
	EndGlobalSection
EndGlobal
